
Microsoft Visual Studio Solution File, Format Version 12.00
# Visual Studio Version 17
VisualStudioVersion = 17.12.35707.178 d17.12
MinimumVisualStudioVersion = 10.0.40219.1
Project("{FAE04EC0-301F-11D3-BF4B-00C04F79EFBC}") = "scms1.cs", "scms1.cs.csproj", "{FC1C5A9F-FB26-421D-92BB-06378FA2789E}"
EndProject
Global
	GlobalSection(SolutionConfigurationPlatforms) = preSolution
		Debug|Any CPU = Debug|Any CPU
		Release|Any CPU = Release|Any CPU
	EndGlobalSection
	GlobalSection(ProjectConfigurationPlatforms) = postSolution
		{FC1C5A9F-FB26-421D-92BB-06378FA2789E}.Debug|Any CPU.ActiveCfg = Debug|Any CPU
		{FC1C5A9F-FB26-421D-92BB-06378FA2789E}.Debug|Any CPU.Build.0 = Debug|Any CPU
		{FC1C5A9F-FB26-421D-92BB-06378FA2789E}.Release|Any CPU.ActiveCfg = Release|Any CPU
		{FC1C5A9F-FB26-421D-92BB-06378FA2789E}.Release|Any CPU.Build.0 = Release|Any CPU
	EndGlobalSection
	GlobalSection(SolutionProperties) = preSolution
		HideSolutionNode = FALSE
	EndGlobalSection
EndGlobal
